
Microsoft Visual Studio Solution File, Format Version 12.00
# Visual Studio 15
VisualStudioVersion = 15.0.26403.3
MinimumVisualStudioVersion = 10.0.40219.1
Project("{FAE04EC0-301F-11D3-BF4B-00C04F79EFBC}") = "01. Extract Emails", "01. Extract Emails\01. Extract Emails.csproj", "{41917C6F-1D73-4C1A-BA6D-FF43D9EFFBE4}"
EndProject
Project("{FAE04EC0-301F-11D3-BF4B-00C04F79EFBC}") = "02. Extract Sentences by Keyword", "02. Extract Sentences by Keyword\02. Extract Sentences by Keyword.csproj", "{0D99F6D1-C29A-4CDA-8892-E3C330789708}"
EndProject
Project("{FAE04EC0-301F-11D3-BF4B-00C04F79EFBC}") = "03. Camera View", "03. Camera View\03. Camera View.csproj", "{FDBF06DB-6DF1-4D1A-9CC0-C6DED1E77520}"
EndProject
Project("{FAE04EC0-301F-11D3-BF4B-00C04F79EFBC}") = "04. Weather", "04. Weather\04. Weather.csproj", "{C3D2B8A2-F253-4CF8-B59C-589EBD84E1B0}"
EndProject
Project("{FAE04EC0-301F-11D3-BF4B-00C04F79EFBC}") = "05. Key Replacer", "05. Key Replacer\05. Key Replacer.csproj", "{5F35D70C-B192-4820-9A7C-BAC571FBD8CE}"
EndProject
Project("{FAE04EC0-301F-11D3-BF4B-00C04F79EFBC}") = "0201. Extract Sentences by Keyword", "0201. Extract Sentences by Keyword\0201. Extract Sentences by Keyword.csproj", "{5A38BF29-C534-41A5-B0C7-F43512D6444A}"
EndProject
Project("{FAE04EC0-301F-11D3-BF4B-00C04F79EFBC}") = "08. Use Your Chains, Buddy", "08. Use Your Chains, Buddy\08. Use Your Chains, Buddy.csproj", "{D53F8CF2-1AFE-43A1-8885-F2378AE1C446}"
EndProject
Project("{FAE04EC0-301F-11D3-BF4B-00C04F79EFBC}") = "06. Valid Usernames", "06. Valid Usernames\06. Valid Usernames.csproj", "{7E1F409B-E067-4D73-93E5-C15FCC9A7F04}"
EndProject
Project("{FAE04EC0-301F-11D3-BF4B-00C04F79EFBC}") = "07. Query Mess", "07. Query Mess\07. Query Mess.csproj", "{D7F351A6-A0DF-44C0-896D-DF1D3AF32CFC}"
EndProject
Global
	GlobalSection(SolutionConfigurationPlatforms) = preSolution
		Debug|Any CPU = Debug|Any CPU
		Release|Any CPU = Release|Any CPU
	EndGlobalSection
	GlobalSection(ProjectConfigurationPlatforms) = postSolution
		{41917C6F-1D73-4C1A-BA6D-FF43D9EFFBE4}.Debug|Any CPU.ActiveCfg = Debug|Any CPU
		{41917C6F-1D73-4C1A-BA6D-FF43D9EFFBE4}.Debug|Any CPU.Build.0 = Debug|Any CPU
		{41917C6F-1D73-4C1A-BA6D-FF43D9EFFBE4}.Release|Any CPU.ActiveCfg = Release|Any CPU
		{41917C6F-1D73-4C1A-BA6D-FF43D9EFFBE4}.Release|Any CPU.Build.0 = Release|Any CPU
		{0D99F6D1-C29A-4CDA-8892-E3C330789708}.Debug|Any CPU.ActiveCfg = Debug|Any CPU
		{0D99F6D1-C29A-4CDA-8892-E3C330789708}.Debug|Any CPU.Build.0 = Debug|Any CPU
		{0D99F6D1-C29A-4CDA-8892-E3C330789708}.Release|Any CPU.ActiveCfg = Release|Any CPU
		{0D99F6D1-C29A-4CDA-8892-E3C330789708}.Release|Any CPU.Build.0 = Release|Any CPU
		{FDBF06DB-6DF1-4D1A-9CC0-C6DED1E77520}.Debug|Any CPU.ActiveCfg = Debug|Any CPU
		{FDBF06DB-6DF1-4D1A-9CC0-C6DED1E77520}.Debug|Any CPU.Build.0 = Debug|Any CPU
		{FDBF06DB-6DF1-4D1A-9CC0-C6DED1E77520}.Release|Any CPU.ActiveCfg = Release|Any CPU
		{FDBF06DB-6DF1-4D1A-9CC0-C6DED1E77520}.Release|Any CPU.Build.0 = Release|Any CPU
		{C3D2B8A2-F253-4CF8-B59C-589EBD84E1B0}.Debug|Any CPU.ActiveCfg = Debug|Any CPU
		{C3D2B8A2-F253-4CF8-B59C-589EBD84E1B0}.Debug|Any CPU.Build.0 = Debug|Any CPU
		{C3D2B8A2-F253-4CF8-B59C-589EBD84E1B0}.Release|Any CPU.ActiveCfg = Release|Any CPU
		{C3D2B8A2-F253-4CF8-B59C-589EBD84E1B0}.Release|Any CPU.Build.0 = Release|Any CPU
		{5F35D70C-B192-4820-9A7C-BAC571FBD8CE}.Debug|Any CPU.ActiveCfg = Debug|Any CPU
		{5F35D70C-B192-4820-9A7C-BAC571FBD8CE}.Debug|Any CPU.Build.0 = Debug|Any CPU
		{5F35D70C-B192-4820-9A7C-BAC571FBD8CE}.Release|Any CPU.ActiveCfg = Release|Any CPU
		{5F35D70C-B192-4820-9A7C-BAC571FBD8CE}.Release|Any CPU.Build.0 = Release|Any CPU
		{5A38BF29-C534-41A5-B0C7-F43512D6444A}.Debug|Any CPU.ActiveCfg = Debug|Any CPU
		{5A38BF29-C534-41A5-B0C7-F43512D6444A}.Debug|Any CPU.Build.0 = Debug|Any CPU
		{5A38BF29-C534-41A5-B0C7-F43512D6444A}.Release|Any CPU.ActiveCfg = Release|Any CPU
		{5A38BF29-C534-41A5-B0C7-F43512D6444A}.Release|Any CPU.Build.0 = Release|Any CPU
		{D53F8CF2-1AFE-43A1-8885-F2378AE1C446}.Debug|Any CPU.ActiveCfg = Debug|Any CPU
		{D53F8CF2-1AFE-43A1-8885-F2378AE1C446}.Debug|Any CPU.Build.0 = Debug|Any CPU
		{D53F8CF2-1AFE-43A1-8885-F2378AE1C446}.Release|Any CPU.ActiveCfg = Release|Any CPU
		{D53F8CF2-1AFE-43A1-8885-F2378AE1C446}.Release|Any CPU.Build.0 = Release|Any CPU
		{7E1F409B-E067-4D73-93E5-C15FCC9A7F04}.Debug|Any CPU.ActiveCfg = Debug|Any CPU
		{7E1F409B-E067-4D73-93E5-C15FCC9A7F04}.Debug|Any CPU.Build.0 = Debug|Any CPU
		{7E1F409B-E067-4D73-93E5-C15FCC9A7F04}.Release|Any CPU.ActiveCfg = Release|Any CPU
		{7E1F409B-E067-4D73-93E5-C15FCC9A7F04}.Release|Any CPU.Build.0 = Release|Any CPU
		{D7F351A6-A0DF-44C0-896D-DF1D3AF32CFC}.Debug|Any CPU.ActiveCfg = Debug|Any CPU
		{D7F351A6-A0DF-44C0-896D-DF1D3AF32CFC}.Debug|Any CPU.Build.0 = Debug|Any CPU
		{D7F351A6-A0DF-44C0-896D-DF1D3AF32CFC}.Release|Any CPU.ActiveCfg = Release|Any CPU
		{D7F351A6-A0DF-44C0-896D-DF1D3AF32CFC}.Release|Any CPU.Build.0 = Release|Any CPU
	EndGlobalSection
	GlobalSection(SolutionProperties) = preSolution
		HideSolutionNode = FALSE
	EndGlobalSection
EndGlobal
